// !$*UTF8*$!
{
	archiveVersion = 1;
	classes = {
	};
	objectVersion = 51;
	objects = {

/* Begin PBXBuildFile section */
		6908E3D326E35459001082ED /* AppDelegate.swift in Sources */ = {isa = PBXBuildFile; fileRef = 6908E3D226E35459001082ED /* AppDelegate.swift */; };
		6908E3D526E35459001082ED /* SceneDelegate.swift in Sources */ = {isa = PBXBuildFile; fileRef = 6908E3D426E35459001082ED /* SceneDelegate.swift */; };
		6908E3DC26E3545A001082ED /* Assets.xcassets in Resources */ = {isa = PBXBuildFile; fileRef = 6908E3DB26E3545A001082ED /* Assets.xcassets */; };
		6908E3DF26E3545A001082ED /* LaunchScreen.storyboard in Resources */ = {isa = PBXBuildFile; fileRef = 6908E3DD26E3545A001082ED /* LaunchScreen.storyboard */; };
		69276EF2270B0E6A00D79468 /* ConversationTableViewCell.swift in Sources */ = {isa = PBXBuildFile; fileRef = 69276EF1270B0E6A00D79468 /* ConversationTableViewCell.swift */; };
		69276EF4270B159D00D79468 /* Conversation.swift in Sources */ = {isa = PBXBuildFile; fileRef = 69276EF3270B159D00D79468 /* Conversation.swift */; };
		6930E3D22727EDFF0077E8DC /* Location.swift in Sources */ = {isa = PBXBuildFile; fileRef = 6930E3D12727EDFF0077E8DC /* Location.swift */; };
		6930E3D82727EF7A0077E8DC /* LocationPickerViewController.swift in Sources */ = {isa = PBXBuildFile; fileRef = 6930E3D72727EF7A0077E8DC /* LocationPickerViewController.swift */; };
		6931D64726E3663B0086AE5B /* MessengerBuilder.swift in Sources */ = {isa = PBXBuildFile; fileRef = 6931D64626E3663B0086AE5B /* MessengerBuilder.swift */; };
		6931D64D26E400080086AE5B /* LoginView.swift in Sources */ = {isa = PBXBuildFile; fileRef = 6931D64C26E400080086AE5B /* LoginView.swift */; };
		6931D64F26E401880086AE5B /* LoginViewController.swift in Sources */ = {isa = PBXBuildFile; fileRef = 6931D64E26E401880086AE5B /* LoginViewController.swift */; };
		6931D65526E4BE300086AE5B /* RegisterView.swift in Sources */ = {isa = PBXBuildFile; fileRef = 6931D65426E4BE300086AE5B /* RegisterView.swift */; };
		6931D65726E4BEE80086AE5B /* RegisterViewController.swift in Sources */ = {isa = PBXBuildFile; fileRef = 6931D65626E4BEE80086AE5B /* RegisterViewController.swift */; };
		6931D65B26E683CC0086AE5B /* LoginPresenter.swift in Sources */ = {isa = PBXBuildFile; fileRef = 6931D65A26E683CC0086AE5B /* LoginPresenter.swift */; };
		6931D65F26E75A570086AE5B /* RegisterPresenter.swift in Sources */ = {isa = PBXBuildFile; fileRef = 6931D65E26E75A570086AE5B /* RegisterPresenter.swift */; };
		696B9D3226FDC8FE00446BA0 /* StorageService.swift in Sources */ = {isa = PBXBuildFile; fileRef = 696B9D3126FDC8FE00446BA0 /* StorageService.swift */; };
		696B9D3426FDDB6D00446BA0 /* StorageErrors.swift in Sources */ = {isa = PBXBuildFile; fileRef = 696B9D3326FDDB6D00446BA0 /* StorageErrors.swift */; };
		696B9D362702411800446BA0 /* DatabaseError.swift in Sources */ = {isa = PBXBuildFile; fileRef = 696B9D352702411800446BA0 /* DatabaseError.swift */; };
		696E527726F9F28F00343EDB /* ConversationsPresenter.swift in Sources */ = {isa = PBXBuildFile; fileRef = 696E527626F9F28F00343EDB /* ConversationsPresenter.swift */; };
		696E527926F9F5E000343EDB /* ConversationsView.swift in Sources */ = {isa = PBXBuildFile; fileRef = 696E527826F9F5E000343EDB /* ConversationsView.swift */; };
		696E527B26F9F88900343EDB /* ImageService.swift in Sources */ = {isa = PBXBuildFile; fileRef = 696E527A26F9F88900343EDB /* ImageService.swift */; };
		696E528226F9FDBF00343EDB /* ChatViewController.swift in Sources */ = {isa = PBXBuildFile; fileRef = 696E528126F9FDBF00343EDB /* ChatViewController.swift */; };
		696E528426FA039C00343EDB /* Message.swift in Sources */ = {isa = PBXBuildFile; fileRef = 696E528326FA039C00343EDB /* Message.swift */; };
		696E528626FA040800343EDB /* Sender.swift in Sources */ = {isa = PBXBuildFile; fileRef = 696E528526FA040800343EDB /* Sender.swift */; };
		696E528826FA044D00343EDB /* ChatView.swift in Sources */ = {isa = PBXBuildFile; fileRef = 696E528726FA044D00343EDB /* ChatView.swift */; };
		696E528E26FA0EDD00343EDB /* NewConversationViewController.swift in Sources */ = {isa = PBXBuildFile; fileRef = 696E528D26FA0EDD00343EDB /* NewConversationViewController.swift */; };
		696E529026FA115500343EDB /* NewConversationView.swift in Sources */ = {isa = PBXBuildFile; fileRef = 696E528F26FA115500343EDB /* NewConversationView.swift */; };
		697AA62027149CB4002B630E /* Media.swift in Sources */ = {isa = PBXBuildFile; fileRef = 697AA61F27149CB4002B630E /* Media.swift */; };
		697AA6262714A375002B630E /* PhotoViewerViewController.swift in Sources */ = {isa = PBXBuildFile; fileRef = 697AA6252714A375002B630E /* PhotoViewerViewController.swift */; };
		697AA6282714A3BA002B630E /* PhotoViewerView.swift in Sources */ = {isa = PBXBuildFile; fileRef = 697AA6272714A3BA002B630E /* PhotoViewerView.swift */; };
		697AA62A2714A3EC002B630E /* PhotoViewerPresenter.swift in Sources */ = {isa = PBXBuildFile; fileRef = 697AA6292714A3EC002B630E /* PhotoViewerPresenter.swift */; };
		69C5D6DD26EFC44500AB2D87 /* ConversationsViewController.swift in Sources */ = {isa = PBXBuildFile; fileRef = 69C5D6DC26EFC44500AB2D87 /* ConversationsViewController.swift */; };
		69C5D6E026EFCBE100AB2D87 /* DatabaseService.swift in Sources */ = {isa = PBXBuildFile; fileRef = 69C5D6DF26EFCBE100AB2D87 /* DatabaseService.swift */; };
		69C5D6E326EFCE2A00AB2D87 /* User.swift in Sources */ = {isa = PBXBuildFile; fileRef = 69C5D6E226EFCE2A00AB2D87 /* User.swift */; };
		69C5D6E526F0A72600AB2D87 /* UserFBModel.swift in Sources */ = {isa = PBXBuildFile; fileRef = 69C5D6E426F0A72600AB2D87 /* UserFBModel.swift */; };
		69C5D6EB26F0AF2000AB2D87 /* GoogleService-Info.plist in Resources */ = {isa = PBXBuildFile; fileRef = 69C5D6EA26F0AF2000AB2D87 /* GoogleService-Info.plist */; };
		69CA9238271F402A00283BFC /* NewConversationTableViewCell.swift in Sources */ = {isa = PBXBuildFile; fileRef = 69CA9237271F402A00283BFC /* NewConversationTableViewCell.swift */; };
		69CA923A271F413700283BFC /* SearchResult.swift in Sources */ = {isa = PBXBuildFile; fileRef = 69CA9239271F413700283BFC /* SearchResult.swift */; };
		69EABB4126FA56F500798E5F /* NewConversationPresenter.swift in Sources */ = {isa = PBXBuildFile; fileRef = 69EABB4026FA56F500798E5F /* NewConversationPresenter.swift */; };
		69EABB4326FA59A300798E5F /* ChatPresenter.swift in Sources */ = {isa = PBXBuildFile; fileRef = 69EABB4226FA59A300798E5F /* ChatPresenter.swift */; };
		69F5939926F5F574005AD477 /* TabBarViewController.swift in Sources */ = {isa = PBXBuildFile; fileRef = 69F5939826F5F574005AD477 /* TabBarViewController.swift */; };
		69F5939B26F5F887005AD477 /* ProfileViewController.swift in Sources */ = {isa = PBXBuildFile; fileRef = 69F5939A26F5F887005AD477 /* ProfileViewController.swift */; };
		69F5939D26F5FA53005AD477 /* ProfileView.swift in Sources */ = {isa = PBXBuildFile; fileRef = 69F5939C26F5FA53005AD477 /* ProfileView.swift */; };
		69F5939F26F5FE24005AD477 /* ProfilePresenter.swift in Sources */ = {isa = PBXBuildFile; fileRef = 69F5939E26F5FE24005AD477 /* ProfilePresenter.swift */; };
		6EFF7B23AD2862276C5A7714 /* Pods_Messenger.framework in Frameworks */ = {isa = PBXBuildFile; fileRef = 878E6A11935E181B2A53B407 /* Pods_Messenger.framework */; };
/* End PBXBuildFile section */

/* Begin PBXFileReference section */
		328C7F74D9DBB0571DCF3801 /* Pods-Messenger.debug.xcconfig */ = {isa = PBXFileReference; includeInIndex = 1; lastKnownFileType = text.xcconfig; name = "Pods-Messenger.debug.xcconfig"; path = "Target Support Files/Pods-Messenger/Pods-Messenger.debug.xcconfig"; sourceTree = "<group>"; };
		464824C4CA8533FB21CDB38E /* Pods-Messenger.release.xcconfig */ = {isa = PBXFileReference; includeInIndex = 1; lastKnownFileType = text.xcconfig; name = "Pods-Messenger.release.xcconfig"; path = "Target Support Files/Pods-Messenger/Pods-Messenger.release.xcconfig"; sourceTree = "<group>"; };
		6908E3CF26E35459001082ED /* Messenger.app */ = {isa = PBXFileReference; explicitFileType = wrapper.application; includeInIndex = 0; path = Messenger.app; sourceTree = BUILT_PRODUCTS_DIR; };
		6908E3D226E35459001082ED /* AppDelegate.swift */ = {isa = PBXFileReference; lastKnownFileType = sourcecode.swift; path = AppDelegate.swift; sourceTree = "<group>"; };
		6908E3D426E35459001082ED /* SceneDelegate.swift */ = {isa = PBXFileReference; lastKnownFileType = sourcecode.swift; path = SceneDelegate.swift; sourceTree = "<group>"; };
		6908E3DB26E3545A001082ED /* Assets.xcassets */ = {isa = PBXFileReference; lastKnownFileType = folder.assetcatalog; path = Assets.xcassets; sourceTree = "<group>"; };
		6908E3DE26E3545A001082ED /* Base */ = {isa = PBXFileReference; lastKnownFileType = file.storyboard; name = Base; path = Base.lproj/LaunchScreen.storyboard; sourceTree = "<group>"; };
		6908E3E026E3545A001082ED /* Info.plist */ = {isa = PBXFileReference; lastKnownFileType = text.plist.xml; path = Info.plist; sourceTree = "<group>"; };
		69276EF1270B0E6A00D79468 /* ConversationTableViewCell.swift */ = {isa = PBXFileReference; lastKnownFileType = sourcecode.swift; path = ConversationTableViewCell.swift; sourceTree = "<group>"; };
		69276EF3270B159D00D79468 /* Conversation.swift */ = {isa = PBXFileReference; lastKnownFileType = sourcecode.swift; path = Conversation.swift; sourceTree = "<group>"; };
		6930E3D12727EDFF0077E8DC /* Location.swift */ = {isa = PBXFileReference; lastKnownFileType = sourcecode.swift; path = Location.swift; sourceTree = "<group>"; };
		6930E3D72727EF7A0077E8DC /* LocationPickerViewController.swift */ = {isa = PBXFileReference; lastKnownFileType = sourcecode.swift; path = LocationPickerViewController.swift; sourceTree = "<group>"; };
		6931D64626E3663B0086AE5B /* MessengerBuilder.swift */ = {isa = PBXFileReference; lastKnownFileType = sourcecode.swift; path = MessengerBuilder.swift; sourceTree = "<group>"; };
		6931D64C26E400080086AE5B /* LoginView.swift */ = {isa = PBXFileReference; lastKnownFileType = sourcecode.swift; path = LoginView.swift; sourceTree = "<group>"; };
		6931D64E26E401880086AE5B /* LoginViewController.swift */ = {isa = PBXFileReference; lastKnownFileType = sourcecode.swift; path = LoginViewController.swift; sourceTree = "<group>"; };
		6931D65426E4BE300086AE5B /* RegisterView.swift */ = {isa = PBXFileReference; lastKnownFileType = sourcecode.swift; path = RegisterView.swift; sourceTree = "<group>"; };
		6931D65626E4BEE80086AE5B /* RegisterViewController.swift */ = {isa = PBXFileReference; lastKnownFileType = sourcecode.swift; path = RegisterViewController.swift; sourceTree = "<group>"; };
		6931D65A26E683CC0086AE5B /* LoginPresenter.swift */ = {isa = PBXFileReference; lastKnownFileType = sourcecode.swift; path = LoginPresenter.swift; sourceTree = "<group>"; };
		6931D65E26E75A570086AE5B /* RegisterPresenter.swift */ = {isa = PBXFileReference; lastKnownFileType = sourcecode.swift; path = RegisterPresenter.swift; sourceTree = "<group>"; };
		696B9D3126FDC8FE00446BA0 /* StorageService.swift */ = {isa = PBXFileReference; lastKnownFileType = sourcecode.swift; path = StorageService.swift; sourceTree = "<group>"; };
		696B9D3326FDDB6D00446BA0 /* StorageErrors.swift */ = {isa = PBXFileReference; lastKnownFileType = sourcecode.swift; path = StorageErrors.swift; sourceTree = "<group>"; };
		696B9D352702411800446BA0 /* DatabaseError.swift */ = {isa = PBXFileReference; lastKnownFileType = sourcecode.swift; path = DatabaseError.swift; sourceTree = "<group>"; };
		696E527626F9F28F00343EDB /* ConversationsPresenter.swift */ = {isa = PBXFileReference; lastKnownFileType = sourcecode.swift; path = ConversationsPresenter.swift; sourceTree = "<group>"; };
		696E527826F9F5E000343EDB /* ConversationsView.swift */ = {isa = PBXFileReference; lastKnownFileType = sourcecode.swift; path = ConversationsView.swift; sourceTree = "<group>"; };
		696E527A26F9F88900343EDB /* ImageService.swift */ = {isa = PBXFileReference; lastKnownFileType = sourcecode.swift; path = ImageService.swift; sourceTree = "<group>"; };
		696E528126F9FDBF00343EDB /* ChatViewController.swift */ = {isa = PBXFileReference; lastKnownFileType = sourcecode.swift; path = ChatViewController.swift; sourceTree = "<group>"; };
		696E528326FA039C00343EDB /* Message.swift */ = {isa = PBXFileReference; lastKnownFileType = sourcecode.swift; path = Message.swift; sourceTree = "<group>"; };
		696E528526FA040800343EDB /* Sender.swift */ = {isa = PBXFileReference; lastKnownFileType = sourcecode.swift; path = Sender.swift; sourceTree = "<group>"; };
		696E528726FA044D00343EDB /* ChatView.swift */ = {isa = PBXFileReference; lastKnownFileType = sourcecode.swift; path = ChatView.swift; sourceTree = "<group>"; };
		696E528D26FA0EDD00343EDB /* NewConversationViewController.swift */ = {isa = PBXFileReference; lastKnownFileType = sourcecode.swift; path = NewConversationViewController.swift; sourceTree = "<group>"; };
		696E528F26FA115500343EDB /* NewConversationView.swift */ = {isa = PBXFileReference; lastKnownFileType = sourcecode.swift; path = NewConversationView.swift; sourceTree = "<group>"; };
		697AA61F27149CB4002B630E /* Media.swift */ = {isa = PBXFileReference; lastKnownFileType = sourcecode.swift; path = Media.swift; sourceTree = "<group>"; };
		697AA6252714A375002B630E /* PhotoViewerViewController.swift */ = {isa = PBXFileReference; lastKnownFileType = sourcecode.swift; path = PhotoViewerViewController.swift; sourceTree = "<group>"; };
		697AA6272714A3BA002B630E /* PhotoViewerView.swift */ = {isa = PBXFileReference; lastKnownFileType = sourcecode.swift; path = PhotoViewerView.swift; sourceTree = "<group>"; };
		697AA6292714A3EC002B630E /* PhotoViewerPresenter.swift */ = {isa = PBXFileReference; lastKnownFileType = sourcecode.swift; path = PhotoViewerPresenter.swift; sourceTree = "<group>"; };
		69C5D6DC26EFC44500AB2D87 /* ConversationsViewController.swift */ = {isa = PBXFileReference; lastKnownFileType = sourcecode.swift; path = ConversationsViewController.swift; sourceTree = "<group>"; };
		69C5D6DF26EFCBE100AB2D87 /* DatabaseService.swift */ = {isa = PBXFileReference; lastKnownFileType = sourcecode.swift; path = DatabaseService.swift; sourceTree = "<group>"; };
		69C5D6E226EFCE2A00AB2D87 /* User.swift */ = {isa = PBXFileReference; lastKnownFileType = sourcecode.swift; path = User.swift; sourceTree = "<group>"; };
		69C5D6E426F0A72600AB2D87 /* UserFBModel.swift */ = {isa = PBXFileReference; lastKnownFileType = sourcecode.swift; path = UserFBModel.swift; sourceTree = "<group>"; };
		69C5D6EA26F0AF2000AB2D87 /* GoogleService-Info.plist */ = {isa = PBXFileReference; fileEncoding = 4; lastKnownFileType = text.plist.xml; path = "GoogleService-Info.plist"; sourceTree = "<group>"; };
		69CA9237271F402A00283BFC /* NewConversationTableViewCell.swift */ = {isa = PBXFileReference; lastKnownFileType = sourcecode.swift; path = NewConversationTableViewCell.swift; sourceTree = "<group>"; };
		69CA9239271F413700283BFC /* SearchResult.swift */ = {isa = PBXFileReference; lastKnownFileType = sourcecode.swift; path = SearchResult.swift; sourceTree = "<group>"; };
		69EABB4026FA56F500798E5F /* NewConversationPresenter.swift */ = {isa = PBXFileReference; lastKnownFileType = sourcecode.swift; path = NewConversationPresenter.swift; sourceTree = "<group>"; };
		69EABB4226FA59A300798E5F /* ChatPresenter.swift */ = {isa = PBXFileReference; lastKnownFileType = sourcecode.swift; path = ChatPresenter.swift; sourceTree = "<group>"; };
		69F5939826F5F574005AD477 /* TabBarViewController.swift */ = {isa = PBXFileReference; lastKnownFileType = sourcecode.swift; path = TabBarViewController.swift; sourceTree = "<group>"; };
		69F5939A26F5F887005AD477 /* ProfileViewController.swift */ = {isa = PBXFileReference; lastKnownFileType = sourcecode.swift; path = ProfileViewController.swift; sourceTree = "<group>"; };
		69F5939C26F5FA53005AD477 /* ProfileView.swift */ = {isa = PBXFileReference; lastKnownFileType = sourcecode.swift; path = ProfileView.swift; sourceTree = "<group>"; };
		69F5939E26F5FE24005AD477 /* ProfilePresenter.swift */ = {isa = PBXFileReference; lastKnownFileType = sourcecode.swift; path = ProfilePresenter.swift; sourceTree = "<group>"; };
		878E6A11935E181B2A53B407 /* Pods_Messenger.framework */ = {isa = PBXFileReference; explicitFileType = wrapper.framework; includeInIndex = 0; path = Pods_Messenger.framework; sourceTree = BUILT_PRODUCTS_DIR; };
/* End PBXFileReference section */

/* Begin PBXFrameworksBuildPhase section */
		6908E3CC26E35459001082ED /* Frameworks */ = {
			isa = PBXFrameworksBuildPhase;
			buildActionMask = 2147483647;
			files = (
				6EFF7B23AD2862276C5A7714 /* Pods_Messenger.framework in Frameworks */,
			);
			runOnlyForDeploymentPostprocessing = 0;
		};
/* End PBXFrameworksBuildPhase section */

/* Begin PBXGroup section */
		26A4BD0F52354A79F103FC63 /* Pods */ = {
			isa = PBXGroup;
			children = (
				328C7F74D9DBB0571DCF3801 /* Pods-Messenger.debug.xcconfig */,
				464824C4CA8533FB21CDB38E /* Pods-Messenger.release.xcconfig */,
			);
			path = Pods;
			sourceTree = "<group>";
		};
		6908E3C626E35459001082ED = {
			isa = PBXGroup;
			children = (
				6908E3D126E35459001082ED /* Messenger */,
				6908E3D026E35459001082ED /* Products */,
				26A4BD0F52354A79F103FC63 /* Pods */,
				F455B4A503D2003B4ABE5130 /* Frameworks */,
			);
			sourceTree = "<group>";
		};
		6908E3D026E35459001082ED /* Products */ = {
			isa = PBXGroup;
			children = (
				6908E3CF26E35459001082ED /* Messenger.app */,
			);
			name = Products;
			sourceTree = "<group>";
		};
		6908E3D126E35459001082ED /* Messenger */ = {
			isa = PBXGroup;
			children = (
				6931D63E26E365760086AE5B /* Core */,
				69C5D6E126EFCE0B00AB2D87 /* Resources */,
				6931D64226E365C40086AE5B /* Services */,
				6917783526F9DB8D00A1808E /* StorageLayer */,
				6917783426F9DB0E00A1808E /* UILayer */,
			);
			path = Messenger;
			sourceTree = "<group>";
		};
		6917783426F9DB0E00A1808E /* UILayer */ = {
			isa = PBXGroup;
			children = (
				6930E3D32727EF3D0077E8DC /* Location */,
				697AA6212714A331002B630E /* Photo */,
				696E528926FA0E8900343EDB /* NewConversation */,
				696E527C26F9FD8300343EDB /* Chat */,
				69F5939826F5F574005AD477 /* TabBarViewController.swift */,
				69F5939726F5F544005AD477 /* Conversations */,
				6931D64826E3FF3A0086AE5B /* Login */,
				69F5939326F5F3C0005AD477 /* Profile */,
				6931D65026E4BDFE0086AE5B /* Register */,
			);
			path = UILayer;
			sourceTree = "<group>";
		};
		6917783526F9DB8D00A1808E /* StorageLayer */ = {
			isa = PBXGroup;
			children = (
				69C5D6E226EFCE2A00AB2D87 /* User.swift */,
			);
			path = StorageLayer;
			sourceTree = "<group>";
		};
		6917783626F9DCEE00A1808E /* Database */ = {
			isa = PBXGroup;
			children = (
				69C5D6DF26EFCBE100AB2D87 /* DatabaseService.swift */,
				696B9D352702411800446BA0 /* DatabaseError.swift */,
			);
			path = Database;
			sourceTree = "<group>";
		};
		69276EF0270B0E4500D79468 /* Cell */ = {
			isa = PBXGroup;
			children = (
				69276EF1270B0E6A00D79468 /* ConversationTableViewCell.swift */,
			);
			path = Cell;
			sourceTree = "<group>";
		};
		6930E3D32727EF3D0077E8DC /* Location */ = {
			isa = PBXGroup;
			children = (
				6930E3D62727EF560077E8DC /* Presenter */,
				6930E3D52727EF520077E8DC /* View */,
				6930E3D42727EF470077E8DC /* Model */,
			);
			path = Location;
			sourceTree = "<group>";
		};
		6930E3D42727EF470077E8DC /* Model */ = {
			isa = PBXGroup;
			children = (
			);
			path = Model;
			sourceTree = "<group>";
		};
		6930E3D52727EF520077E8DC /* View */ = {
			isa = PBXGroup;
			children = (
				6930E3D72727EF7A0077E8DC /* LocationPickerViewController.swift */,
			);
			path = View;
			sourceTree = "<group>";
		};
		6930E3D62727EF560077E8DC /* Presenter */ = {
			isa = PBXGroup;
			children = (
			);
			path = Presenter;
			sourceTree = "<group>";
		};
		6931D63E26E365760086AE5B /* Core */ = {
			isa = PBXGroup;
			children = (
				6931D63F26E365810086AE5B /* AppDelegate */,
			);
			path = Core;
			sourceTree = "<group>";
		};
		6931D63F26E365810086AE5B /* AppDelegate */ = {
			isa = PBXGroup;
			children = (
				6908E3D226E35459001082ED /* AppDelegate.swift */,
			);
			path = AppDelegate;
			sourceTree = "<group>";
		};
		6931D64226E365C40086AE5B /* Services */ = {
			isa = PBXGroup;
			children = (
				697AA61E27145D21002B630E /* Storage */,
				6917783626F9DCEE00A1808E /* Database */,
				69C5D6DB26E9437300AB2D87 /* Builder */,
				696E527A26F9F88900343EDB /* ImageService.swift */,
			);
			path = Services;
			sourceTree = "<group>";
		};
		6931D64826E3FF3A0086AE5B /* Login */ = {
			isa = PBXGroup;
			children = (
				6931D64B26E3FF580086AE5B /* Presenter */,
				6931D64A26E3FF4E0086AE5B /* View */,
				6931D64926E3FF420086AE5B /* Model */,
			);
			path = Login;
			sourceTree = "<group>";
		};
		6931D64926E3FF420086AE5B /* Model */ = {
			isa = PBXGroup;
			children = (
			);
			path = Model;
			sourceTree = "<group>";
		};
		6931D64A26E3FF4E0086AE5B /* View */ = {
			isa = PBXGroup;
			children = (
				6931D64C26E400080086AE5B /* LoginView.swift */,
				6931D64E26E401880086AE5B /* LoginViewController.swift */,
			);
			path = View;
			sourceTree = "<group>";
		};
		6931D64B26E3FF580086AE5B /* Presenter */ = {
			isa = PBXGroup;
			children = (
				6931D65A26E683CC0086AE5B /* LoginPresenter.swift */,
			);
			path = Presenter;
			sourceTree = "<group>";
		};
		6931D65026E4BDFE0086AE5B /* Register */ = {
			isa = PBXGroup;
			children = (
				6931D65326E4BE1C0086AE5B /* Model */,
				6931D65226E4BE150086AE5B /* Controller */,
				6931D65126E4BE0E0086AE5B /* Presenter */,
			);
			path = Register;
			sourceTree = "<group>";
		};
		6931D65126E4BE0E0086AE5B /* Presenter */ = {
			isa = PBXGroup;
			children = (
				6931D65E26E75A570086AE5B /* RegisterPresenter.swift */,
			);
			path = Presenter;
			sourceTree = "<group>";
		};
		6931D65226E4BE150086AE5B /* Controller */ = {
			isa = PBXGroup;
			children = (
				6931D65426E4BE300086AE5B /* RegisterView.swift */,
				6931D65626E4BEE80086AE5B /* RegisterViewController.swift */,
			);
			path = Controller;
			sourceTree = "<group>";
		};
		6931D65326E4BE1C0086AE5B /* Model */ = {
			isa = PBXGroup;
			children = (
				69C5D6E426F0A72600AB2D87 /* UserFBModel.swift */,
			);
			path = Model;
			sourceTree = "<group>";
		};
		696E527326F9F06C00343EDB /* Model */ = {
			isa = PBXGroup;
			children = (
				69276EF3270B159D00D79468 /* Conversation.swift */,
			);
			path = Model;
			sourceTree = "<group>";
		};
		696E527426F9F08300343EDB /* View */ = {
			isa = PBXGroup;
			children = (
				69276EF0270B0E4500D79468 /* Cell */,
				69C5D6DC26EFC44500AB2D87 /* ConversationsViewController.swift */,
				696E527826F9F5E000343EDB /* ConversationsView.swift */,
			);
			path = View;
			sourceTree = "<group>";
		};
		696E527526F9F09600343EDB /* Presenter */ = {
			isa = PBXGroup;
			children = (
				696E527626F9F28F00343EDB /* ConversationsPresenter.swift */,
			);
			path = Presenter;
			sourceTree = "<group>";
		};
		696E527C26F9FD8300343EDB /* Chat */ = {
			isa = PBXGroup;
			children = (
				696E528026F9FDA000343EDB /* Presenter */,
				696E527F26F9FD9A00343EDB /* View */,
				696E527D26F9FD8D00343EDB /* Model */,
			);
			path = Chat;
			sourceTree = "<group>";
		};
		696E527D26F9FD8D00343EDB /* Model */ = {
			isa = PBXGroup;
			children = (
				696E528326FA039C00343EDB /* Message.swift */,
				696E528526FA040800343EDB /* Sender.swift */,
				697AA61F27149CB4002B630E /* Media.swift */,
				6930E3D12727EDFF0077E8DC /* Location.swift */,
			);
			path = Model;
			sourceTree = "<group>";
		};
		696E527F26F9FD9A00343EDB /* View */ = {
			isa = PBXGroup;
			children = (
				696E528126F9FDBF00343EDB /* ChatViewController.swift */,
				696E528726FA044D00343EDB /* ChatView.swift */,
			);
			path = View;
			sourceTree = "<group>";
		};
		696E528026F9FDA000343EDB /* Presenter */ = {
			isa = PBXGroup;
			children = (
				69EABB4226FA59A300798E5F /* ChatPresenter.swift */,
			);
			path = Presenter;
			sourceTree = "<group>";
		};
		696E528926FA0E8900343EDB /* NewConversation */ = {
			isa = PBXGroup;
			children = (
				696E528C26FA0EA900343EDB /* Presenter */,
				696E528B26FA0E9E00343EDB /* View */,
				696E528A26FA0E9700343EDB /* Model */,
			);
			path = NewConversation;
			sourceTree = "<group>";
		};
		696E528A26FA0E9700343EDB /* Model */ = {
			isa = PBXGroup;
			children = (
				69CA9239271F413700283BFC /* SearchResult.swift */,
			);
			path = Model;
			sourceTree = "<group>";
		};
		696E528B26FA0E9E00343EDB /* View */ = {
			isa = PBXGroup;
			children = (
				69CA9236271F3FE400283BFC /* Cell */,
				696E528D26FA0EDD00343EDB /* NewConversationViewController.swift */,
				696E528F26FA115500343EDB /* NewConversationView.swift */,
			);
			path = View;
			sourceTree = "<group>";
		};
		696E528C26FA0EA900343EDB /* Presenter */ = {
			isa = PBXGroup;
			children = (
				69EABB4026FA56F500798E5F /* NewConversationPresenter.swift */,
			);
			path = Presenter;
			sourceTree = "<group>";
		};
		697AA61E27145D21002B630E /* Storage */ = {
			isa = PBXGroup;
			children = (
				696B9D3126FDC8FE00446BA0 /* StorageService.swift */,
				696B9D3326FDDB6D00446BA0 /* StorageErrors.swift */,
			);
			path = Storage;
			sourceTree = "<group>";
		};
		697AA6212714A331002B630E /* Photo */ = {
			isa = PBXGroup;
			children = (
				697AA6242714A34B002B630E /* Contoller */,
				697AA6232714A346002B630E /* Presenter */,
				697AA6222714A33A002B630E /* Model */,
			);
			path = Photo;
			sourceTree = "<group>";
		};
		697AA6222714A33A002B630E /* Model */ = {
			isa = PBXGroup;
			children = (
			);
			path = Model;
			sourceTree = "<group>";
		};
		697AA6232714A346002B630E /* Presenter */ = {
			isa = PBXGroup;
			children = (
				697AA6292714A3EC002B630E /* PhotoViewerPresenter.swift */,
			);
			path = Presenter;
			sourceTree = "<group>";
		};
		697AA6242714A34B002B630E /* Contoller */ = {
			isa = PBXGroup;
			children = (
				697AA6252714A375002B630E /* PhotoViewerViewController.swift */,
				697AA6272714A3BA002B630E /* PhotoViewerView.swift */,
			);
			path = Contoller;
			sourceTree = "<group>";
		};
		69C5D6DB26E9437300AB2D87 /* Builder */ = {
			isa = PBXGroup;
			children = (
				6931D64626E3663B0086AE5B /* MessengerBuilder.swift */,
			);
			path = Builder;
			sourceTree = "<group>";
		};
		69C5D6E126EFCE0B00AB2D87 /* Resources */ = {
			isa = PBXGroup;
			children = (
				6908E3DB26E3545A001082ED /* Assets.xcassets */,
				69C5D6EA26F0AF2000AB2D87 /* GoogleService-Info.plist */,
				6908E3E026E3545A001082ED /* Info.plist */,
				6908E3DD26E3545A001082ED /* LaunchScreen.storyboard */,
				6908E3D426E35459001082ED /* SceneDelegate.swift */,
			);
			path = Resources;
			sourceTree = "<group>";
		};
		69CA9236271F3FE400283BFC /* Cell */ = {
			isa = PBXGroup;
			children = (
				69CA9237271F402A00283BFC /* NewConversationTableViewCell.swift */,
			);
			path = Cell;
			sourceTree = "<group>";
		};
		69F5939326F5F3C0005AD477 /* Profile */ = {
			isa = PBXGroup;
			children = (
				69F5939626F5F533005AD477 /* Presenter */,
				69F5939526F5F529005AD477 /* View */,
				69F5939426F5F50C005AD477 /* Model */,
			);
			path = Profile;
			sourceTree = "<group>";
		};
		69F5939426F5F50C005AD477 /* Model */ = {
			isa = PBXGroup;
			children = (
			);
			path = Model;
			sourceTree = "<group>";
		};
		69F5939526F5F529005AD477 /* View */ = {
			isa = PBXGroup;
			children = (
				69F5939A26F5F887005AD477 /* ProfileViewController.swift */,
				69F5939C26F5FA53005AD477 /* ProfileView.swift */,
			);
			path = View;
			sourceTree = "<group>";
		};
		69F5939626F5F533005AD477 /* Presenter */ = {
			isa = PBXGroup;
			children = (
				69F5939E26F5FE24005AD477 /* ProfilePresenter.swift */,
			);
			path = Presenter;
			sourceTree = "<group>";
		};
		69F5939726F5F544005AD477 /* Conversations */ = {
			isa = PBXGroup;
			children = (
				696E527526F9F09600343EDB /* Presenter */,
				696E527326F9F06C00343EDB /* Model */,
				696E527426F9F08300343EDB /* View */,
			);
			path = Conversations;
			sourceTree = "<group>";
		};
		F455B4A503D2003B4ABE5130 /* Frameworks */ = {
			isa = PBXGroup;
			children = (
				878E6A11935E181B2A53B407 /* Pods_Messenger.framework */,
			);
			name = Frameworks;
			sourceTree = "<group>";
		};
/* End PBXGroup section */

/* Begin PBXNativeTarget section */
		6908E3CE26E35459001082ED /* Messenger */ = {
			isa = PBXNativeTarget;
			buildConfigurationList = 6908E3E326E3545A001082ED /* Build configuration list for PBXNativeTarget "Messenger" */;
			buildPhases = (
				FC7108B3236AFBE3A6C1C5B5 /* [CP] Check Pods Manifest.lock */,
				6908E3CB26E35459001082ED /* Sources */,
				6908E3CC26E35459001082ED /* Frameworks */,
				6908E3CD26E35459001082ED /* Resources */,
				A0766CFB211D8E13F06FC36A /* [CP] Embed Pods Frameworks */,
			);
			buildRules = (
			);
			dependencies = (
			);
			name = Messenger;
			productName = Messenger;
			productReference = 6908E3CF26E35459001082ED /* Messenger.app */;
			productType = "com.apple.product-type.application";
		};
/* End PBXNativeTarget section */

/* Begin PBXProject section */
		6908E3C726E35459001082ED /* Project object */ = {
			isa = PBXProject;
			attributes = {
				LastSwiftUpdateCheck = 1250;
				LastUpgradeCheck = 1250;
				TargetAttributes = {
					6908E3CE26E35459001082ED = {
						CreatedOnToolsVersion = 12.5.1;
					};
				};
			};
			buildConfigurationList = 6908E3CA26E35459001082ED /* Build configuration list for PBXProject "Messenger" */;
			compatibilityVersion = "Xcode 9.3";
			developmentRegion = en;
			hasScannedForEncodings = 0;
			knownRegions = (
				en,
				Base,
			);
			mainGroup = 6908E3C626E35459001082ED;
			productRefGroup = 6908E3D026E35459001082ED /* Products */;
			projectDirPath = "";
			projectRoot = "";
			targets = (
				6908E3CE26E35459001082ED /* Messenger */,
			);
		};
/* End PBXProject section */

/* Begin PBXResourcesBuildPhase section */
		6908E3CD26E35459001082ED /* Resources */ = {
			isa = PBXResourcesBuildPhase;
			buildActionMask = 2147483647;
			files = (
				6908E3DF26E3545A001082ED /* LaunchScreen.storyboard in Resources */,
				6908E3DC26E3545A001082ED /* Assets.xcassets in Resources */,
				69C5D6EB26F0AF2000AB2D87 /* GoogleService-Info.plist in Resources */,
			);
			runOnlyForDeploymentPostprocessing = 0;
		};
/* End PBXResourcesBuildPhase section */

/* Begin PBXShellScriptBuildPhase section */
		A0766CFB211D8E13F06FC36A /* [CP] Embed Pods Frameworks */ = {
			isa = PBXShellScriptBuildPhase;
			buildActionMask = 2147483647;
			files = (
			);
			inputFileListPaths = (
				"${PODS_ROOT}/Target Support Files/Pods-Messenger/Pods-Messenger-frameworks-${CONFIGURATION}-input-files.xcfilelist",
			);
			name = "[CP] Embed Pods Frameworks";
			outputFileListPaths = (
				"${PODS_ROOT}/Target Support Files/Pods-Messenger/Pods-Messenger-frameworks-${CONFIGURATION}-output-files.xcfilelist",
			);
			runOnlyForDeploymentPostprocessing = 0;
			shellPath = /bin/sh;
			shellScript = "\"${PODS_ROOT}/Target Support Files/Pods-Messenger/Pods-Messenger-frameworks.sh\"\n";
			showEnvVarsInLog = 0;
		};
		FC7108B3236AFBE3A6C1C5B5 /* [CP] Check Pods Manifest.lock */ = {
			isa = PBXShellScriptBuildPhase;
			buildActionMask = 2147483647;
			files = (
			);
			inputFileListPaths = (
			);
			inputPaths = (
				"${PODS_PODFILE_DIR_PATH}/Podfile.lock",
				"${PODS_ROOT}/Manifest.lock",
			);
			name = "[CP] Check Pods Manifest.lock";
			outputFileListPaths = (
			);
			outputPaths = (
				"$(DERIVED_FILE_DIR)/Pods-Messenger-checkManifestLockResult.txt",
			);
			runOnlyForDeploymentPostprocessing = 0;
			shellPath = /bin/sh;
			shellScript = "diff \"${PODS_PODFILE_DIR_PATH}/Podfile.lock\" \"${PODS_ROOT}/Manifest.lock\" > /dev/null\nif [ $? != 0 ] ; then\n    # print error to STDERR\n    echo \"error: The sandbox is not in sync with the Podfile.lock. Run 'pod install' or update your CocoaPods installation.\" >&2\n    exit 1\nfi\n# This output is used by Xcode 'outputs' to avoid re-running this script phase.\necho \"SUCCESS\" > \"${SCRIPT_OUTPUT_FILE_0}\"\n";
			showEnvVarsInLog = 0;
		};
/* End PBXShellScriptBuildPhase section */

/* Begin PBXSourcesBuildPhase section */
		6908E3CB26E35459001082ED /* Sources */ = {
			isa = PBXSourcesBuildPhase;
			buildActionMask = 2147483647;
			files = (
				69C5D6E526F0A72600AB2D87 /* UserFBModel.swift in Sources */,
				6931D64F26E401880086AE5B /* LoginViewController.swift in Sources */,
				6930E3D22727EDFF0077E8DC /* Location.swift in Sources */,
				6931D64D26E400080086AE5B /* LoginView.swift in Sources */,
				6931D64726E3663B0086AE5B /* MessengerBuilder.swift in Sources */,
				696E528826FA044D00343EDB /* ChatView.swift in Sources */,
				6931D65B26E683CC0086AE5B /* LoginPresenter.swift in Sources */,
				696E529026FA115500343EDB /* NewConversationView.swift in Sources */,
				6930E3D82727EF7A0077E8DC /* LocationPickerViewController.swift in Sources */,
				69CA923A271F413700283BFC /* SearchResult.swift in Sources */,
				697AA6282714A3BA002B630E /* PhotoViewerView.swift in Sources */,
				697AA62A2714A3EC002B630E /* PhotoViewerPresenter.swift in Sources */,
				6931D65526E4BE300086AE5B /* RegisterView.swift in Sources */,
				696E527926F9F5E000343EDB /* ConversationsView.swift in Sources */,
				69F5939B26F5F887005AD477 /* ProfileViewController.swift in Sources */,
				696B9D3426FDDB6D00446BA0 /* StorageErrors.swift in Sources */,
				69C5D6DD26EFC44500AB2D87 /* ConversationsViewController.swift in Sources */,
				6931D65F26E75A570086AE5B /* RegisterPresenter.swift in Sources */,
				696E528626FA040800343EDB /* Sender.swift in Sources */,
				697AA62027149CB4002B630E /* Media.swift in Sources */,
				696E528226F9FDBF00343EDB /* ChatViewController.swift in Sources */,
				696E528E26FA0EDD00343EDB /* NewConversationViewController.swift in Sources */,
				697AA6262714A375002B630E /* PhotoViewerViewController.swift in Sources */,
				6931D65726E4BEE80086AE5B /* RegisterViewController.swift in Sources */,
				696B9D362702411800446BA0 /* DatabaseError.swift in Sources */,
				69C5D6E026EFCBE100AB2D87 /* DatabaseService.swift in Sources */,
				696B9D3226FDC8FE00446BA0 /* StorageService.swift in Sources */,
				69EABB4126FA56F500798E5F /* NewConversationPresenter.swift in Sources */,
				6908E3D326E35459001082ED /* AppDelegate.swift in Sources */,
				69276EF4270B159D00D79468 /* Conversation.swift in Sources */,
				696E527B26F9F88900343EDB /* ImageService.swift in Sources */,
				696E527726F9F28F00343EDB /* ConversationsPresenter.swift in Sources */,
				69276EF2270B0E6A00D79468 /* ConversationTableViewCell.swift in Sources */,
				69F5939D26F5FA53005AD477 /* ProfileView.swift in Sources */,
				696E528426FA039C00343EDB /* Message.swift in Sources */,
				69EABB4326FA59A300798E5F /* ChatPresenter.swift in Sources */,
				69C5D6E326EFCE2A00AB2D87 /* User.swift in Sources */,
				69F5939F26F5FE24005AD477 /* ProfilePresenter.swift in Sources */,
				69F5939926F5F574005AD477 /* TabBarViewController.swift in Sources */,
				6908E3D526E35459001082ED /* SceneDelegate.swift in Sources */,
				69CA9238271F402A00283BFC /* NewConversationTableViewCell.swift in Sources */,
			);
			runOnlyForDeploymentPostprocessing = 0;
		};
/* End PBXSourcesBuildPhase section */

/* Begin PBXVariantGroup section */
		6908E3DD26E3545A001082ED /* LaunchScreen.storyboard */ = {
			isa = PBXVariantGroup;
			children = (
				6908E3DE26E3545A001082ED /* Base */,
			);
			name = LaunchScreen.storyboard;
			sourceTree = "<group>";
		};
/* End PBXVariantGroup section */

/* Begin XCBuildConfiguration section */
		6908E3E126E3545A001082ED /* Debug */ = {
			isa = XCBuildConfiguration;
			buildSettings = {
				ALWAYS_SEARCH_USER_PATHS = NO;
				CLANG_ANALYZER_NONNULL = YES;
				CLANG_ANALYZER_NUMBER_OBJECT_CONVERSION = YES_AGGRESSIVE;
				CLANG_CXX_LANGUAGE_STANDARD = "gnu++14";
				CLANG_CXX_LIBRARY = "libc++";
				CLANG_ENABLE_MODULES = YES;
				CLANG_ENABLE_OBJC_ARC = YES;
				CLANG_ENABLE_OBJC_WEAK = YES;
				CLANG_WARN_BLOCK_CAPTURE_AUTORELEASING = YES;
				CLANG_WARN_BOOL_CONVERSION = YES;
				CLANG_WARN_COMMA = YES;
				CLANG_WARN_CONSTANT_CONVERSION = YES;
				CLANG_WARN_DEPRECATED_OBJC_IMPLEMENTATIONS = YES;
				CLANG_WARN_DIRECT_OBJC_ISA_USAGE = YES_ERROR;
				CLANG_WARN_DOCUMENTATION_COMMENTS = YES;
				CLANG_WARN_EMPTY_BODY = YES;
				CLANG_WARN_ENUM_CONVERSION = YES;
				CLANG_WARN_INFINITE_RECURSION = YES;
				CLANG_WARN_INT_CONVERSION = YES;
				CLANG_WARN_NON_LITERAL_NULL_CONVERSION = YES;
				CLANG_WARN_OBJC_IMPLICIT_RETAIN_SELF = YES;
				CLANG_WARN_OBJC_LITERAL_CONVERSION = YES;
				CLANG_WARN_OBJC_ROOT_CLASS = YES_ERROR;
				CLANG_WARN_QUOTED_INCLUDE_IN_FRAMEWORK_HEADER = YES;
				CLANG_WARN_RANGE_LOOP_ANALYSIS = YES;
				CLANG_WARN_STRICT_PROTOTYPES = YES;
				CLANG_WARN_SUSPICIOUS_MOVE = YES;
				CLANG_WARN_UNGUARDED_AVAILABILITY = YES_AGGRESSIVE;
				CLANG_WARN_UNREACHABLE_CODE = YES;
				CLANG_WARN__DUPLICATE_METHOD_MATCH = YES;
				COPY_PHASE_STRIP = NO;
				DEBUG_INFORMATION_FORMAT = dwarf;
				ENABLE_STRICT_OBJC_MSGSEND = YES;
				ENABLE_TESTABILITY = YES;
				GCC_C_LANGUAGE_STANDARD = gnu11;
				GCC_DYNAMIC_NO_PIC = NO;
				GCC_NO_COMMON_BLOCKS = YES;
				GCC_OPTIMIZATION_LEVEL = 0;
				GCC_PREPROCESSOR_DEFINITIONS = (
					"DEBUG=1",
					"$(inherited)",
				);
				GCC_WARN_64_TO_32_BIT_CONVERSION = YES;
				GCC_WARN_ABOUT_RETURN_TYPE = YES_ERROR;
				GCC_WARN_UNDECLARED_SELECTOR = YES;
				GCC_WARN_UNINITIALIZED_AUTOS = YES_AGGRESSIVE;
				GCC_WARN_UNUSED_FUNCTION = YES;
				GCC_WARN_UNUSED_VARIABLE = YES;
				IPHONEOS_DEPLOYMENT_TARGET = 14.5;
				MTL_ENABLE_DEBUG_INFO = INCLUDE_SOURCE;
				MTL_FAST_MATH = YES;
				ONLY_ACTIVE_ARCH = YES;
				SDKROOT = iphoneos;
				SWIFT_ACTIVE_COMPILATION_CONDITIONS = DEBUG;
				SWIFT_OPTIMIZATION_LEVEL = "-Onone";
			};
			name = Debug;
		};
		6908E3E226E3545A001082ED /* Release */ = {
			isa = XCBuildConfiguration;
			buildSettings = {
				ALWAYS_SEARCH_USER_PATHS = NO;
				CLANG_ANALYZER_NONNULL = YES;
				CLANG_ANALYZER_NUMBER_OBJECT_CONVERSION = YES_AGGRESSIVE;
				CLANG_CXX_LANGUAGE_STANDARD = "gnu++14";
				CLANG_CXX_LIBRARY = "libc++";
				CLANG_ENABLE_MODULES = YES;
				CLANG_ENABLE_OBJC_ARC = YES;
				CLANG_ENABLE_OBJC_WEAK = YES;
				CLANG_WARN_BLOCK_CAPTURE_AUTORELEASING = YES;
				CLANG_WARN_BOOL_CONVERSION = YES;
				CLANG_WARN_COMMA = YES;
				CLANG_WARN_CONSTANT_CONVERSION = YES;
				CLANG_WARN_DEPRECATED_OBJC_IMPLEMENTATIONS = YES;
				CLANG_WARN_DIRECT_OBJC_ISA_USAGE = YES_ERROR;
				CLANG_WARN_DOCUMENTATION_COMMENTS = YES;
				CLANG_WARN_EMPTY_BODY = YES;
				CLANG_WARN_ENUM_CONVERSION = YES;
				CLANG_WARN_INFINITE_RECURSION = YES;
				CLANG_WARN_INT_CONVERSION = YES;
				CLANG_WARN_NON_LITERAL_NULL_CONVERSION = YES;
				CLANG_WARN_OBJC_IMPLICIT_RETAIN_SELF = YES;
				CLANG_WARN_OBJC_LITERAL_CONVERSION = YES;
				CLANG_WARN_OBJC_ROOT_CLASS = YES_ERROR;
				CLANG_WARN_QUOTED_INCLUDE_IN_FRAMEWORK_HEADER = YES;
				CLANG_WARN_RANGE_LOOP_ANALYSIS = YES;
				CLANG_WARN_STRICT_PROTOTYPES = YES;
				CLANG_WARN_SUSPICIOUS_MOVE = YES;
				CLANG_WARN_UNGUARDED_AVAILABILITY = YES_AGGRESSIVE;
				CLANG_WARN_UNREACHABLE_CODE = YES;
				CLANG_WARN__DUPLICATE_METHOD_MATCH = YES;
				COPY_PHASE_STRIP = NO;
				DEBUG_INFORMATION_FORMAT = "dwarf-with-dsym";
				ENABLE_NS_ASSERTIONS = NO;
				ENABLE_STRICT_OBJC_MSGSEND = YES;
				GCC_C_LANGUAGE_STANDARD = gnu11;
				GCC_NO_COMMON_BLOCKS = YES;
				GCC_WARN_64_TO_32_BIT_CONVERSION = YES;
				GCC_WARN_ABOUT_RETURN_TYPE = YES_ERROR;
				GCC_WARN_UNDECLARED_SELECTOR = YES;
				GCC_WARN_UNINITIALIZED_AUTOS = YES_AGGRESSIVE;
				GCC_WARN_UNUSED_FUNCTION = YES;
				GCC_WARN_UNUSED_VARIABLE = YES;
				IPHONEOS_DEPLOYMENT_TARGET = 14.5;
				MTL_ENABLE_DEBUG_INFO = NO;
				MTL_FAST_MATH = YES;
				SDKROOT = iphoneos;
				SWIFT_COMPILATION_MODE = wholemodule;
				SWIFT_OPTIMIZATION_LEVEL = "-O";
				VALIDATE_PRODUCT = YES;
			};
			name = Release;
		};
		6908E3E426E3545A001082ED /* Debug */ = {
			isa = XCBuildConfiguration;
			baseConfigurationReference = 328C7F74D9DBB0571DCF3801 /* Pods-Messenger.debug.xcconfig */;
			buildSettings = {
				ASSETCATALOG_COMPILER_APPICON_NAME = AppIcon;
				ASSETCATALOG_COMPILER_GLOBAL_ACCENT_COLOR_NAME = AccentColor;
				CODE_SIGN_STYLE = Automatic;
				DEVELOPMENT_TEAM = N3G8R7BNR2;
				INFOPLIST_FILE = Messenger/Resources/Info.plist;
				IPHONEOS_DEPLOYMENT_TARGET = 15.0;
				LD_RUNPATH_SEARCH_PATHS = (
					"$(inherited)",
					"@executable_path/Frameworks",
				);
				PRODUCT_BUNDLE_IDENTIFIER = home.Messenger;
				PRODUCT_NAME = "$(TARGET_NAME)";
				SWIFT_VERSION = 5.0;
				TARGETED_DEVICE_FAMILY = 1;
			};
			name = Debug;
		};
		6908E3E526E3545A001082ED /* Release */ = {
			isa = XCBuildConfiguration;
			baseConfigurationReference = 464824C4CA8533FB21CDB38E /* Pods-Messenger.release.xcconfig */;
			buildSettings = {
				ASSETCATALOG_COMPILER_APPICON_NAME = AppIcon;
				ASSETCATALOG_COMPILER_GLOBAL_ACCENT_COLOR_NAME = AccentColor;
				CODE_SIGN_STYLE = Automatic;
				DEVELOPMENT_TEAM = N3G8R7BNR2;
				INFOPLIST_FILE = Messenger/Resources/Info.plist;
				IPHONEOS_DEPLOYMENT_TARGET = 15.0;
				LD_RUNPATH_SEARCH_PATHS = (
					"$(inherited)",
					"@executable_path/Frameworks",
				);
				PRODUCT_BUNDLE_IDENTIFIER = home.Messenger;
				PRODUCT_NAME = "$(TARGET_NAME)";
				SWIFT_VERSION = 5.0;
				TARGETED_DEVICE_FAMILY = 1;
			};
			name = Release;
		};
/* End XCBuildConfiguration section */

/* Begin XCConfigurationList section */
		6908E3CA26E35459001082ED /* Build configuration list for PBXProject "Messenger" */ = {
			isa = XCConfigurationList;
			buildConfigurations = (
				6908E3E126E3545A001082ED /* Debug */,
				6908E3E226E3545A001082ED /* Release */,
			);
			defaultConfigurationIsVisible = 0;
			defaultConfigurationName = Release;
		};
		6908E3E326E3545A001082ED /* Build configuration list for PBXNativeTarget "Messenger" */ = {
			isa = XCConfigurationList;
			buildConfigurations = (
				6908E3E426E3545A001082ED /* Debug */,
				6908E3E526E3545A001082ED /* Release */,
			);
			defaultConfigurationIsVisible = 0;
			defaultConfigurationName = Release;
		};
/* End XCConfigurationList section */
	};
	rootObject = 6908E3C726E35459001082ED /* Project object */;
}
